
Microsoft Visual Studio Solution File, Format Version 12.00
# Visual Studio 2013
VisualStudioVersion = 12.0.30501.0
MinimumVisualStudioVersion = 10.0.40219.1
Project("{2150E333-8FDC-42A3-9474-1A3956D46DE8}") = "Solution Items", "Solution Items", "{D2909D0F-4452-4C4B-BA1B-BA61C97FB26A}"
	ProjectSection(SolutionItems) = preProject
		Database Structure.txt = Database Structure.txt
		Project Features.txt = Project Features.txt
		Testing.txt = Testing.txt
	EndProjectSection
EndProject
Project("{FAE04EC0-301F-11D3-BF4B-00C04F79EFBC}") = "Aurora.Core", "Aurora.Core\Aurora.Core.csproj", "{348568B6-DA0A-483E-8741-17DD8554E7CF}"
EndProject
Project("{FAE04EC0-301F-11D3-BF4B-00C04F79EFBC}") = "Aurora.Data", "Aurora.Data\Aurora.Data.csproj", "{394E1F9F-98FC-4DCB-9FA3-9F899C88E8D6}"
EndProject
Project("{2150E333-8FDC-42A3-9474-1A3956D46DE8}") = "Tests", "Tests", "{BA064DC0-D21F-47A1-A3A1-8A8FF3E14466}"
EndProject
Project("{2150E333-8FDC-42A3-9474-1A3956D46DE8}") = "UnitTests", "UnitTests", "{C946D03C-15AC-4F84-820B-D0BE08FFD106}"
EndProject
Project("{2150E333-8FDC-42A3-9474-1A3956D46DE8}") = "AcceptanceTests", "AcceptanceTests", "{D83B1CF5-C26C-41E3-880E-5CF1A4345624}"
EndProject
Project("{2150E333-8FDC-42A3-9474-1A3956D46DE8}") = "IntegrationTests", "IntegrationTests", "{7A83EB31-1DE5-465F-AEB3-2EA7C4F94BDE}"
EndProject
Project("{FAE04EC0-301F-11D3-BF4B-00C04F79EFBC}") = "Aurora.Engine", "Aurora.Engine\Aurora.Engine.csproj", "{94166F93-8D8E-49EC-B8E7-5492BA4E8B9A}"
EndProject
Project("{2150E333-8FDC-42A3-9474-1A3956D46DE8}") = "Business", "Business", "{93788511-9E34-4C89-9FE9-43AD817611C5}"
EndProject
Project("{2150E333-8FDC-42A3-9474-1A3956D46DE8}") = "Data", "Data", "{5D91558F-A1DA-47AE-B374-3635974296FC}"
EndProject
Project("{2150E333-8FDC-42A3-9474-1A3956D46DE8}") = "Hosting", "Hosting", "{0380D295-3062-4301-8A74-EDFB2B8CD8F5}"
EndProject
Project("{FAE04EC0-301F-11D3-BF4B-00C04F79EFBC}") = "Aurora.Core.Tests", "Aurora.Core.Tests\Aurora.Core.Tests.csproj", "{D1CA8896-336C-4900-8983-844B52519D89}"
EndProject
Project("{FAE04EC0-301F-11D3-BF4B-00C04F79EFBC}") = "Aurora.Web", "Aurora.Web\Aurora.Web.csproj", "{EFE4290F-825E-4D15-8E00-045CFA0CED88}"
EndProject
Global
	GlobalSection(SolutionConfigurationPlatforms) = preSolution
		Debug|Any CPU = Debug|Any CPU
		Release|Any CPU = Release|Any CPU
	EndGlobalSection
	GlobalSection(ProjectConfigurationPlatforms) = postSolution
		{348568B6-DA0A-483E-8741-17DD8554E7CF}.Debug|Any CPU.ActiveCfg = Debug|Any CPU
		{348568B6-DA0A-483E-8741-17DD8554E7CF}.Debug|Any CPU.Build.0 = Debug|Any CPU
		{348568B6-DA0A-483E-8741-17DD8554E7CF}.Release|Any CPU.ActiveCfg = Release|Any CPU
		{348568B6-DA0A-483E-8741-17DD8554E7CF}.Release|Any CPU.Build.0 = Release|Any CPU
		{394E1F9F-98FC-4DCB-9FA3-9F899C88E8D6}.Debug|Any CPU.ActiveCfg = Debug|Any CPU
		{394E1F9F-98FC-4DCB-9FA3-9F899C88E8D6}.Debug|Any CPU.Build.0 = Debug|Any CPU
		{394E1F9F-98FC-4DCB-9FA3-9F899C88E8D6}.Release|Any CPU.ActiveCfg = Release|Any CPU
		{394E1F9F-98FC-4DCB-9FA3-9F899C88E8D6}.Release|Any CPU.Build.0 = Release|Any CPU
		{94166F93-8D8E-49EC-B8E7-5492BA4E8B9A}.Debug|Any CPU.ActiveCfg = Debug|Any CPU
		{94166F93-8D8E-49EC-B8E7-5492BA4E8B9A}.Debug|Any CPU.Build.0 = Debug|Any CPU
		{94166F93-8D8E-49EC-B8E7-5492BA4E8B9A}.Release|Any CPU.ActiveCfg = Release|Any CPU
		{94166F93-8D8E-49EC-B8E7-5492BA4E8B9A}.Release|Any CPU.Build.0 = Release|Any CPU
		{D1CA8896-336C-4900-8983-844B52519D89}.Debug|Any CPU.ActiveCfg = Debug|Any CPU
		{D1CA8896-336C-4900-8983-844B52519D89}.Debug|Any CPU.Build.0 = Debug|Any CPU
		{D1CA8896-336C-4900-8983-844B52519D89}.Release|Any CPU.ActiveCfg = Release|Any CPU
		{D1CA8896-336C-4900-8983-844B52519D89}.Release|Any CPU.Build.0 = Release|Any CPU
		{EFE4290F-825E-4D15-8E00-045CFA0CED88}.Debug|Any CPU.ActiveCfg = Debug|Any CPU
		{EFE4290F-825E-4D15-8E00-045CFA0CED88}.Debug|Any CPU.Build.0 = Debug|Any CPU
		{EFE4290F-825E-4D15-8E00-045CFA0CED88}.Release|Any CPU.ActiveCfg = Release|Any CPU
		{EFE4290F-825E-4D15-8E00-045CFA0CED88}.Release|Any CPU.Build.0 = Release|Any CPU
	EndGlobalSection
	GlobalSection(SolutionProperties) = preSolution
		HideSolutionNode = FALSE
	EndGlobalSection
	GlobalSection(NestedProjects) = preSolution
		{348568B6-DA0A-483E-8741-17DD8554E7CF} = {93788511-9E34-4C89-9FE9-43AD817611C5}
		{394E1F9F-98FC-4DCB-9FA3-9F899C88E8D6} = {5D91558F-A1DA-47AE-B374-3635974296FC}
		{C946D03C-15AC-4F84-820B-D0BE08FFD106} = {BA064DC0-D21F-47A1-A3A1-8A8FF3E14466}
		{D83B1CF5-C26C-41E3-880E-5CF1A4345624} = {BA064DC0-D21F-47A1-A3A1-8A8FF3E14466}
		{7A83EB31-1DE5-465F-AEB3-2EA7C4F94BDE} = {BA064DC0-D21F-47A1-A3A1-8A8FF3E14466}
		{94166F93-8D8E-49EC-B8E7-5492BA4E8B9A} = {93788511-9E34-4C89-9FE9-43AD817611C5}
		{D1CA8896-336C-4900-8983-844B52519D89} = {C946D03C-15AC-4F84-820B-D0BE08FFD106}
		{EFE4290F-825E-4D15-8E00-045CFA0CED88} = {0380D295-3062-4301-8A74-EDFB2B8CD8F5}
	EndGlobalSection
EndGlobal
